
Microsoft Visual Studio Solution File, Format Version 12.00
# Visual Studio 15
VisualStudioVersion = 15.0.27428.2037
MinimumVisualStudioVersion = 10.0.40219.1
Project("{FAE04EC0-301F-11D3-BF4B-00C04F79EFBC}") = "FlyingBalls", "FlyingBalls\FlyingBalls.csproj", "{8C6A31A2-6B9E-4FCD-91C7-2FB555DB0560}"
EndProject
Global
	GlobalSection(SolutionConfigurationPlatforms) = preSolution
		Debug|Any CPU = Debug|Any CPU
		Release|Any CPU = Release|Any CPU
	EndGlobalSection
	GlobalSection(ProjectConfigurationPlatforms) = postSolution
		{8C6A31A2-6B9E-4FCD-91C7-2FB555DB0560}.Debug|Any CPU.ActiveCfg = Debug|Any CPU
		{8C6A31A2-6B9E-4FCD-91C7-2FB555DB0560}.Debug|Any CPU.Build.0 = Debug|Any CPU
		{8C6A31A2-6B9E-4FCD-91C7-2FB555DB0560}.Release|Any CPU.ActiveCfg = Release|Any CPU
		{8C6A31A2-6B9E-4FCD-91C7-2FB555DB0560}.Release|Any CPU.Build.0 = Release|Any CPU
	EndGlobalSection
	GlobalSection(SolutionProperties) = preSolution
		HideSolutionNode = FALSE
	EndGlobalSection
	GlobalSection(ExtensibilityGlobals) = postSolution
		SolutionGuid = {FE2F55C9-B6E4-49B5-8D5F-964DB9411704}
	EndGlobalSection
EndGlobal
