
Microsoft Visual Studio Solution File, Format Version 12.00
# Visual Studio 15
VisualStudioVersion = 15.0.27428.2037
MinimumVisualStudioVersion = 10.0.40219.1
Project("{FAE04EC0-301F-11D3-BF4B-00C04F79EFBC}") = "TestingStuff", "TestingStuff\TestingStuff.csproj", "{67C62EDB-B760-4C29-B3C5-B0E5B1E36A3F}"
EndProject
Global
	GlobalSection(SolutionConfigurationPlatforms) = preSolution
		Debug|Any CPU = Debug|Any CPU
		Release|Any CPU = Release|Any CPU
	EndGlobalSection
	GlobalSection(ProjectConfigurationPlatforms) = postSolution
		{67C62EDB-B760-4C29-B3C5-B0E5B1E36A3F}.Debug|Any CPU.ActiveCfg = Debug|Any CPU
		{67C62EDB-B760-4C29-B3C5-B0E5B1E36A3F}.Debug|Any CPU.Build.0 = Debug|Any CPU
		{67C62EDB-B760-4C29-B3C5-B0E5B1E36A3F}.Release|Any CPU.ActiveCfg = Release|Any CPU
		{67C62EDB-B760-4C29-B3C5-B0E5B1E36A3F}.Release|Any CPU.Build.0 = Release|Any CPU
	EndGlobalSection
	GlobalSection(SolutionProperties) = preSolution
		HideSolutionNode = FALSE
	EndGlobalSection
	GlobalSection(ExtensibilityGlobals) = postSolution
		SolutionGuid = {574E3E07-5080-4DB5-9DE9-69723C41CE73}
	EndGlobalSection
EndGlobal
